
Microsoft Visual Studio Solution File, Format Version 12.00
# Visual Studio Version 17
VisualStudioVersion = 17.10.35122.118
MinimumVisualStudioVersion = 10.0.40219.1
Project("{FAE04EC0-301F-11D3-BF4B-00C04F79EFBC}") = "CMS.Alportech.Cliente.VictoriaCaroline", "CMS.Alportech.Cliente.VictoriaCaroline\CMS.Alportech.Cliente.VictoriaCaroline.csproj", "{F233B1E3-3E98-44F6-B7EB-763B4F53B255}"
EndProject
Global
	GlobalSection(SolutionConfigurationPlatforms) = preSolution
		Debug|Any CPU = Debug|Any CPU
		Release|Any CPU = Release|Any CPU
	EndGlobalSection
	GlobalSection(ProjectConfigurationPlatforms) = postSolution
		{F233B1E3-3E98-44F6-B7EB-763B4F53B255}.Debug|Any CPU.ActiveCfg = Debug|Any CPU
		{F233B1E3-3E98-44F6-B7EB-763B4F53B255}.Debug|Any CPU.Build.0 = Debug|Any CPU
		{F233B1E3-3E98-44F6-B7EB-763B4F53B255}.Release|Any CPU.ActiveCfg = Release|Any CPU
		{F233B1E3-3E98-44F6-B7EB-763B4F53B255}.Release|Any CPU.Build.0 = Release|Any CPU
	EndGlobalSection
	GlobalSection(SolutionProperties) = preSolution
		HideSolutionNode = FALSE
	EndGlobalSection
	GlobalSection(ExtensibilityGlobals) = postSolution
		SolutionGuid = {3FCC0C50-9AA7-4B6A-81D8-076058132692}
	EndGlobalSection
EndGlobal
